// !$*UTF8*$!
{
	archiveVersion = 1;
	classes = {
	};
	objectVersion = 55;
	objects = {

/* Begin PBXBuildFile section */
		E12551D527518ACA005B416E /* XmasPartyApp.swift in Sources */ = {isa = PBXBuildFile; fileRef = E12551C527518AC8005B416E /* XmasPartyApp.swift */; };
		E12551D627518ACA005B416E /* XmasPartyApp.swift in Sources */ = {isa = PBXBuildFile; fileRef = E12551C527518AC8005B416E /* XmasPartyApp.swift */; };
		E12551D727518ACA005B416E /* ContentView.swift in Sources */ = {isa = PBXBuildFile; fileRef = E12551C627518AC8005B416E /* ContentView.swift */; };
		E12551D827518ACA005B416E /* ContentView.swift in Sources */ = {isa = PBXBuildFile; fileRef = E12551C627518AC8005B416E /* ContentView.swift */; };
		E12551D927518ACA005B416E /* Assets.xcassets in Resources */ = {isa = PBXBuildFile; fileRef = E12551C727518ACA005B416E /* Assets.xcassets */; };
		E12551DA27518ACA005B416E /* Assets.xcassets in Resources */ = {isa = PBXBuildFile; fileRef = E12551C727518ACA005B416E /* Assets.xcassets */; };
		E12551E427518BB7005B416E /* XmasManager.swift in Sources */ = {isa = PBXBuildFile; fileRef = E12551E327518BB7005B416E /* XmasManager.swift */; };
		E12551E527518BB7005B416E /* XmasManager.swift in Sources */ = {isa = PBXBuildFile; fileRef = E12551E327518BB7005B416E /* XmasManager.swift */; };
		E12551E727518BD2005B416E /* Xmas.swift in Sources */ = {isa = PBXBuildFile; fileRef = E12551E627518BD2005B416E /* Xmas.swift */; };
		E12551E827518BD2005B416E /* Xmas.swift in Sources */ = {isa = PBXBuildFile; fileRef = E12551E627518BD2005B416E /* Xmas.swift */; };
		E12551EA27518BFA005B416E /* XmasData.swift in Sources */ = {isa = PBXBuildFile; fileRef = E12551E927518BFA005B416E /* XmasData.swift */; };
		E12551EB27518BFA005B416E /* XmasData.swift in Sources */ = {isa = PBXBuildFile; fileRef = E12551E927518BFA005B416E /* XmasData.swift */; };
		E12551EE27518C2E005B416E /* SFSafeSymbols in Frameworks */ = {isa = PBXBuildFile; productRef = E12551ED27518C2E005B416E /* SFSafeSymbols */; };
		E12551F02751905B005B416E /* LobbyView.swift in Sources */ = {isa = PBXBuildFile; fileRef = E12551EF2751905B005B416E /* LobbyView.swift */; };
		E12551F12751905B005B416E /* LobbyView.swift in Sources */ = {isa = PBXBuildFile; fileRef = E12551EF2751905B005B416E /* LobbyView.swift */; };
		E12551F32751909C005B416E /* ViewManager.swift in Sources */ = {isa = PBXBuildFile; fileRef = E12551F22751909C005B416E /* ViewManager.swift */; };
		E12551F42751909C005B416E /* ViewManager.swift in Sources */ = {isa = PBXBuildFile; fileRef = E12551F22751909C005B416E /* ViewManager.swift */; };
		E12551F6275190F5005B416E /* TeamCreatorView.swift in Sources */ = {isa = PBXBuildFile; fileRef = E12551F5275190F5005B416E /* TeamCreatorView.swift */; };
		E12551F7275190F5005B416E /* TeamCreatorView.swift in Sources */ = {isa = PBXBuildFile; fileRef = E12551F5275190F5005B416E /* TeamCreatorView.swift */; };
		E12551FB2751915F005B416E /* TeamManager.swift in Sources */ = {isa = PBXBuildFile; fileRef = E12551FA2751915E005B416E /* TeamManager.swift */; };
		E12551FC2751915F005B416E /* TeamManager.swift in Sources */ = {isa = PBXBuildFile; fileRef = E12551FA2751915E005B416E /* TeamManager.swift */; };
		E12551FE27519193005B416E /* PopButtonStyle.swift in Sources */ = {isa = PBXBuildFile; fileRef = E12551FD27519193005B416E /* PopButtonStyle.swift */; };
		E12551FF27519193005B416E /* PopButtonStyle.swift in Sources */ = {isa = PBXBuildFile; fileRef = E12551FD27519193005B416E /* PopButtonStyle.swift */; };
		E1255201275191A9005B416E /* Box3DView.swift in Sources */ = {isa = PBXBuildFile; fileRef = E1255200275191A9005B416E /* Box3DView.swift */; };
		E1255202275191A9005B416E /* Box3DView.swift in Sources */ = {isa = PBXBuildFile; fileRef = E1255200275191A9005B416E /* Box3DView.swift */; };
		E125520827519275005B416E /* HomeView.swift in Sources */ = {isa = PBXBuildFile; fileRef = E125520727519275005B416E /* HomeView.swift */; };
		E125520927519275005B416E /* HomeView.swift in Sources */ = {isa = PBXBuildFile; fileRef = E125520727519275005B416E /* HomeView.swift */; };
		E1255210275197FD005B416E /* Assets.xcassets in Resources */ = {isa = PBXBuildFile; fileRef = E125520C275197FD005B416E /* Assets.xcassets */; };
		E1255211275197FD005B416E /* Assets.xcassets in Resources */ = {isa = PBXBuildFile; fileRef = E125520C275197FD005B416E /* Assets.xcassets */; };
		E1255212275197FD005B416E /* SnowFall.sks in Resources */ = {isa = PBXBuildFile; fileRef = E125520D275197FD005B416E /* SnowFall.sks */; };
		E1255213275197FD005B416E /* SnowFall.sks in Resources */ = {isa = PBXBuildFile; fileRef = E125520D275197FD005B416E /* SnowFall.sks */; };
		ED39BE32276FE0450081D79D /* Pictonary.swift in Sources */ = {isa = PBXBuildFile; fileRef = ED39BE31276FE0450081D79D /* Pictonary.swift */; };
		ED39BE33276FE0450081D79D /* Pictonary.swift in Sources */ = {isa = PBXBuildFile; fileRef = ED39BE31276FE0450081D79D /* Pictonary.swift */; };
		ED39BE36276FE41C0081D79D /* PictonaryManager.swift in Sources */ = {isa = PBXBuildFile; fileRef = ED39BE35276FE41C0081D79D /* PictonaryManager.swift */; };
		ED39BE37276FE41C0081D79D /* PictonaryManager.swift in Sources */ = {isa = PBXBuildFile; fileRef = ED39BE35276FE41C0081D79D /* PictonaryManager.swift */; };
		ED39BE3D276FE5700081D79D /* ColorExt.swift in Sources */ = {isa = PBXBuildFile; fileRef = ED39BE3C276FE5700081D79D /* ColorExt.swift */; };
		ED39BE3E276FE5700081D79D /* ColorExt.swift in Sources */ = {isa = PBXBuildFile; fileRef = ED39BE3C276FE5700081D79D /* ColorExt.swift */; };
		ED39BE40276FE5FF0081D79D /* StringExt.swift in Sources */ = {isa = PBXBuildFile; fileRef = ED39BE3F276FE5FF0081D79D /* StringExt.swift */; };
		ED39BE41276FE5FF0081D79D /* StringExt.swift in Sources */ = {isa = PBXBuildFile; fileRef = ED39BE3F276FE5FF0081D79D /* StringExt.swift */; };
		ED39BE43276FE8B10081D79D /* FontExt.swift in Sources */ = {isa = PBXBuildFile; fileRef = ED39BE42276FE8B10081D79D /* FontExt.swift */; };
		ED39BE44276FE8B10081D79D /* FontExt.swift in Sources */ = {isa = PBXBuildFile; fileRef = ED39BE42276FE8B10081D79D /* FontExt.swift */; };
		EDFFF8EB27529C2500ED41FB /* MainView.swift in Sources */ = {isa = PBXBuildFile; fileRef = EDFFF8EA27529C2500ED41FB /* MainView.swift */; };
		EDFFF8EC27529C2500ED41FB /* MainView.swift in Sources */ = {isa = PBXBuildFile; fileRef = EDFFF8EA27529C2500ED41FB /* MainView.swift */; };
		EDFFF8EE27529C2E00ED41FB /* Snow.swift in Sources */ = {isa = PBXBuildFile; fileRef = EDFFF8ED27529C2E00ED41FB /* Snow.swift */; };
		EDFFF8EF27529C2E00ED41FB /* Snow.swift in Sources */ = {isa = PBXBuildFile; fileRef = EDFFF8ED27529C2E00ED41FB /* Snow.swift */; };
		EDFFF8F127529C9900ED41FB /* Blur.swift in Sources */ = {isa = PBXBuildFile; fileRef = EDFFF8F027529C9900ED41FB /* Blur.swift */; };
		EDFFF8F227529C9900ED41FB /* Blur.swift in Sources */ = {isa = PBXBuildFile; fileRef = EDFFF8F027529C9900ED41FB /* Blur.swift */; };
		EDFFF8F82752AC9500ED41FB /* MusicManager.swift in Sources */ = {isa = PBXBuildFile; fileRef = EDFFF8F72752AC9500ED41FB /* MusicManager.swift */; };
		EDFFF8F92752AC9500ED41FB /* MusicManager.swift in Sources */ = {isa = PBXBuildFile; fileRef = EDFFF8F72752AC9500ED41FB /* MusicManager.swift */; };
/* End PBXBuildFile section */

/* Begin PBXFileReference section */
		E12551C527518AC8005B416E /* XmasPartyApp.swift */ = {isa = PBXFileReference; lastKnownFileType = sourcecode.swift; path = XmasPartyApp.swift; sourceTree = "<group>"; };
		E12551C627518AC8005B416E /* ContentView.swift */ = {isa = PBXFileReference; lastKnownFileType = sourcecode.swift; path = ContentView.swift; sourceTree = "<group>"; };
		E12551C727518ACA005B416E /* Assets.xcassets */ = {isa = PBXFileReference; lastKnownFileType = folder.assetcatalog; path = Assets.xcassets; sourceTree = "<group>"; };
		E12551CC27518ACA005B416E /* XmasParty.app */ = {isa = PBXFileReference; explicitFileType = wrapper.application; includeInIndex = 0; path = XmasParty.app; sourceTree = BUILT_PRODUCTS_DIR; };
		E12551D227518ACA005B416E /* XmasParty.app */ = {isa = PBXFileReference; explicitFileType = wrapper.application; includeInIndex = 0; path = XmasParty.app; sourceTree = BUILT_PRODUCTS_DIR; };
		E12551D427518ACA005B416E /* macOS.entitlements */ = {isa = PBXFileReference; lastKnownFileType = text.plist.entitlements; path = macOS.entitlements; sourceTree = "<group>"; };
		E12551E327518BB7005B416E /* XmasManager.swift */ = {isa = PBXFileReference; lastKnownFileType = sourcecode.swift; path = XmasManager.swift; sourceTree = "<group>"; };
		E12551E627518BD2005B416E /* Xmas.swift */ = {isa = PBXFileReference; lastKnownFileType = sourcecode.swift; path = Xmas.swift; sourceTree = "<group>"; };
		E12551E927518BFA005B416E /* XmasData.swift */ = {isa = PBXFileReference; lastKnownFileType = sourcecode.swift; path = XmasData.swift; sourceTree = "<group>"; };
		E12551EF2751905B005B416E /* LobbyView.swift */ = {isa = PBXFileReference; lastKnownFileType = sourcecode.swift; path = LobbyView.swift; sourceTree = "<group>"; };
		E12551F22751909C005B416E /* ViewManager.swift */ = {isa = PBXFileReference; lastKnownFileType = sourcecode.swift; path = ViewManager.swift; sourceTree = "<group>"; };
		E12551F5275190F5005B416E /* TeamCreatorView.swift */ = {isa = PBXFileReference; lastKnownFileType = sourcecode.swift; path = TeamCreatorView.swift; sourceTree = "<group>"; };
		E12551FA2751915E005B416E /* TeamManager.swift */ = {isa = PBXFileReference; lastKnownFileType = sourcecode.swift; path = TeamManager.swift; sourceTree = "<group>"; };
		E12551FD27519193005B416E /* PopButtonStyle.swift */ = {isa = PBXFileReference; lastKnownFileType = sourcecode.swift; path = PopButtonStyle.swift; sourceTree = "<group>"; };
		E1255200275191A9005B416E /* Box3DView.swift */ = {isa = PBXFileReference; lastKnownFileType = sourcecode.swift; path = Box3DView.swift; sourceTree = "<group>"; };
		E125520727519275005B416E /* HomeView.swift */ = {isa = PBXFileReference; lastKnownFileType = sourcecode.swift; path = HomeView.swift; sourceTree = "<group>"; };
		E125520C275197FD005B416E /* Assets.xcassets */ = {isa = PBXFileReference; lastKnownFileType = folder.assetcatalog; path = Assets.xcassets; sourceTree = "<group>"; };
		E125520D275197FD005B416E /* SnowFall.sks */ = {isa = PBXFileReference; lastKnownFileType = file.sks; path = SnowFall.sks; sourceTree = "<group>"; };
		ED39BE31276FE0450081D79D /* Pictonary.swift */ = {isa = PBXFileReference; lastKnownFileType = sourcecode.swift; path = Pictonary.swift; sourceTree = "<group>"; };
		ED39BE35276FE41C0081D79D /* PictonaryManager.swift */ = {isa = PBXFileReference; lastKnownFileType = sourcecode.swift; path = PictonaryManager.swift; sourceTree = "<group>"; };
		ED39BE3C276FE5700081D79D /* ColorExt.swift */ = {isa = PBXFileReference; lastKnownFileType = sourcecode.swift; path = ColorExt.swift; sourceTree = "<group>"; };
		ED39BE3F276FE5FF0081D79D /* StringExt.swift */ = {isa = PBXFileReference; lastKnownFileType = sourcecode.swift; path = StringExt.swift; sourceTree = "<group>"; };
		ED39BE42276FE8B10081D79D /* FontExt.swift */ = {isa = PBXFileReference; lastKnownFileType = sourcecode.swift; path = FontExt.swift; sourceTree = "<group>"; };
		EDFFF8EA27529C2500ED41FB /* MainView.swift */ = {isa = PBXFileReference; fileEncoding = 4; lastKnownFileType = sourcecode.swift; path = MainView.swift; sourceTree = "<group>"; };
		EDFFF8ED27529C2E00ED41FB /* Snow.swift */ = {isa = PBXFileReference; fileEncoding = 4; lastKnownFileType = sourcecode.swift; path = Snow.swift; sourceTree = "<group>"; };
		EDFFF8F027529C9900ED41FB /* Blur.swift */ = {isa = PBXFileReference; fileEncoding = 4; lastKnownFileType = sourcecode.swift; path = Blur.swift; sourceTree = "<group>"; };
		EDFFF8F72752AC9500ED41FB /* MusicManager.swift */ = {isa = PBXFileReference; lastKnownFileType = sourcecode.swift; path = MusicManager.swift; sourceTree = "<group>"; };
/* End PBXFileReference section */

/* Begin PBXFrameworksBuildPhase section */
		E12551C927518ACA005B416E /* Frameworks */ = {
			isa = PBXFrameworksBuildPhase;
			buildActionMask = 2147483647;
			files = (
				E12551EE27518C2E005B416E /* SFSafeSymbols in Frameworks */,
			);
			runOnlyForDeploymentPostprocessing = 0;
		};
		E12551CF27518ACA005B416E /* Frameworks */ = {
			isa = PBXFrameworksBuildPhase;
			buildActionMask = 2147483647;
			files = (
			);
			runOnlyForDeploymentPostprocessing = 0;
		};
/* End PBXFrameworksBuildPhase section */

/* Begin PBXGroup section */
		E12551BF27518AC8005B416E = {
			isa = PBXGroup;
			children = (
				E12551C427518AC8005B416E /* Shared */,
				E12551D327518ACA005B416E /* macOS */,
				E12551CD27518ACA005B416E /* Products */,
			);
			sourceTree = "<group>";
		};
		E12551C427518AC8005B416E /* Shared */ = {
			isa = PBXGroup;
			children = (
				E12551C527518AC8005B416E /* XmasPartyApp.swift */,
				E12551C627518AC8005B416E /* ContentView.swift */,
				ED39BE3B276FE55E0081D79D /* Ext */,
				E125520727519275005B416E /* HomeView.swift */,
				EDFFF8EA27529C2500ED41FB /* MainView.swift */,
				EDFFF8F027529C9900ED41FB /* Blur.swift */,
				EDFFF8F72752AC9500ED41FB /* MusicManager.swift */,
				ED39BE34276FE06A0081D79D /* Pictonary */,
				EDFFF8ED27529C2E00ED41FB /* Snow.swift */,
				E125520B275197FD005B416E /* SpriteFiles */,
				E12551F22751909C005B416E /* ViewManager.swift */,
				E12551FA2751915E005B416E /* TeamManager.swift */,
				E1255203275191B5005B416E /* ButtonStyles */,
				E12551F92751914B005B416E /* Lobby */,
				E12551F827519140005B416E /* Xmas */,
				E12551C727518ACA005B416E /* Assets.xcassets */,
			);
			path = Shared;
			sourceTree = "<group>";
		};
		E12551CD27518ACA005B416E /* Products */ = {
			isa = PBXGroup;
			children = (
				E12551CC27518ACA005B416E /* XmasParty.app */,
				E12551D227518ACA005B416E /* XmasParty.app */,
			);
			name = Products;
			sourceTree = "<group>";
		};
		E12551D327518ACA005B416E /* macOS */ = {
			isa = PBXGroup;
			children = (
				E12551D427518ACA005B416E /* macOS.entitlements */,
			);
			path = macOS;
			sourceTree = "<group>";
		};
		E12551F827519140005B416E /* Xmas */ = {
			isa = PBXGroup;
			children = (
				E12551E327518BB7005B416E /* XmasManager.swift */,
				E12551E627518BD2005B416E /* Xmas.swift */,
				E12551E927518BFA005B416E /* XmasData.swift */,
			);
			path = Xmas;
			sourceTree = "<group>";
		};
		E12551F92751914B005B416E /* Lobby */ = {
			isa = PBXGroup;
			children = (
				E12551EF2751905B005B416E /* LobbyView.swift */,
				E12551F5275190F5005B416E /* TeamCreatorView.swift */,
			);
			path = Lobby;
			sourceTree = "<group>";
		};
		E1255203275191B5005B416E /* ButtonStyles */ = {
			isa = PBXGroup;
			children = (
				E12551FD27519193005B416E /* PopButtonStyle.swift */,
				E1255200275191A9005B416E /* Box3DView.swift */,
			);
			path = ButtonStyles;
			sourceTree = "<group>";
		};
		E125520B275197FD005B416E /* SpriteFiles */ = {
			isa = PBXGroup;
			children = (
				E125520C275197FD005B416E /* Assets.xcassets */,
				E125520D275197FD005B416E /* SnowFall.sks */,
			);
			path = SpriteFiles;
			sourceTree = "<group>";
		};
		ED39BE34276FE06A0081D79D /* Pictonary */ = {
			isa = PBXGroup;
			children = (
				ED39BE31276FE0450081D79D /* Pictonary.swift */,
				ED39BE35276FE41C0081D79D /* PictonaryManager.swift */,
			);
			path = Pictonary;
			sourceTree = "<group>";
		};
		ED39BE3B276FE55E0081D79D /* Ext */ = {
			isa = PBXGroup;
			children = (
				ED39BE3C276FE5700081D79D /* ColorExt.swift */,
				ED39BE42276FE8B10081D79D /* FontExt.swift */,
				ED39BE3F276FE5FF0081D79D /* StringExt.swift */,
			);
			path = Ext;
			sourceTree = "<group>";
		};
/* End PBXGroup section */

/* Begin PBXNativeTarget section */
		E12551CB27518ACA005B416E /* XmasParty (iOS) */ = {
			isa = PBXNativeTarget;
			buildConfigurationList = E12551DD27518ACA005B416E /* Build configuration list for PBXNativeTarget "XmasParty (iOS)" */;
			buildPhases = (
				E12551C827518ACA005B416E /* Sources */,
				E12551C927518ACA005B416E /* Frameworks */,
				E12551CA27518ACA005B416E /* Resources */,
			);
			buildRules = (
			);
			dependencies = (
			);
			name = "XmasParty (iOS)";
			packageProductDependencies = (
				E12551ED27518C2E005B416E /* SFSafeSymbols */,
			);
			productName = "XmasParty (iOS)";
			productReference = E12551CC27518ACA005B416E /* XmasParty.app */;
			productType = "com.apple.product-type.application";
		};
		E12551D127518ACA005B416E /* XmasParty (macOS) */ = {
			isa = PBXNativeTarget;
			buildConfigurationList = E12551E027518ACA005B416E /* Build configuration list for PBXNativeTarget "XmasParty (macOS)" */;
			buildPhases = (
				E12551CE27518ACA005B416E /* Sources */,
				E12551CF27518ACA005B416E /* Frameworks */,
				E12551D027518ACA005B416E /* Resources */,
			);
			buildRules = (
			);
			dependencies = (
			);
			name = "XmasParty (macOS)";
			productName = "XmasParty (macOS)";
			productReference = E12551D227518ACA005B416E /* XmasParty.app */;
			productType = "com.apple.product-type.application";
		};
/* End PBXNativeTarget section */

/* Begin PBXProject section */
		E12551C027518AC8005B416E /* Project object */ = {
			isa = PBXProject;
			attributes = {
				BuildIndependentTargetsInParallel = 1;
				LastSwiftUpdateCheck = 1310;
				LastUpgradeCheck = 1310;
				TargetAttributes = {
					E12551CB27518ACA005B416E = {
						CreatedOnToolsVersion = 13.1;
					};
					E12551D127518ACA005B416E = {
						CreatedOnToolsVersion = 13.1;
					};
				};
			};
			buildConfigurationList = E12551C327518AC8005B416E /* Build configuration list for PBXProject "XmasParty" */;
			compatibilityVersion = "Xcode 13.0";
			developmentRegion = en;
			hasScannedForEncodings = 0;
			knownRegions = (
				en,
				Base,
			);
			mainGroup = E12551BF27518AC8005B416E;
			packageReferences = (
				E12551EC27518C2D005B416E /* XCRemoteSwiftPackageReference "SFSafeSymbols" */,
			);
			productRefGroup = E12551CD27518ACA005B416E /* Products */;
			projectDirPath = "";
			projectRoot = "";
			targets = (
				E12551CB27518ACA005B416E /* XmasParty (iOS) */,
				E12551D127518ACA005B416E /* XmasParty (macOS) */,
			);
		};
/* End PBXProject section */

/* Begin PBXResourcesBuildPhase section */
		E12551CA27518ACA005B416E /* Resources */ = {
			isa = PBXResourcesBuildPhase;
			buildActionMask = 2147483647;
			files = (
				E1255210275197FD005B416E /* Assets.xcassets in Resources */,
				E1255212275197FD005B416E /* SnowFall.sks in Resources */,
				E12551D927518ACA005B416E /* Assets.xcassets in Resources */,
			);
			runOnlyForDeploymentPostprocessing = 0;
		};
		E12551D027518ACA005B416E /* Resources */ = {
			isa = PBXResourcesBuildPhase;
			buildActionMask = 2147483647;
			files = (
				E1255211275197FD005B416E /* Assets.xcassets in Resources */,
				E1255213275197FD005B416E /* SnowFall.sks in Resources */,
				E12551DA27518ACA005B416E /* Assets.xcassets in Resources */,
			);
			runOnlyForDeploymentPostprocessing = 0;
		};
/* End PBXResourcesBuildPhase section */

/* Begin PBXSourcesBuildPhase section */
		E12551C827518ACA005B416E /* Sources */ = {
			isa = PBXSourcesBuildPhase;
			buildActionMask = 2147483647;
			files = (
				E12551EA27518BFA005B416E /* XmasData.swift in Sources */,
				EDFFF8EB27529C2500ED41FB /* MainView.swift in Sources */,
				ED39BE32276FE0450081D79D /* Pictonary.swift in Sources */,
				EDFFF8F82752AC9500ED41FB /* MusicManager.swift in Sources */,
				ED39BE36276FE41C0081D79D /* PictonaryManager.swift in Sources */,
				ED39BE43276FE8B10081D79D /* FontExt.swift in Sources */,
				E125520827519275005B416E /* HomeView.swift in Sources */,
				E1255201275191A9005B416E /* Box3DView.swift in Sources */,
				E12551D727518ACA005B416E /* ContentView.swift in Sources */,
				E12551F6275190F5005B416E /* TeamCreatorView.swift in Sources */,
				E12551E427518BB7005B416E /* XmasManager.swift in Sources */,
				ED39BE40276FE5FF0081D79D /* StringExt.swift in Sources */,
				E12551E727518BD2005B416E /* Xmas.swift in Sources */,
				ED39BE3D276FE5700081D79D /* ColorExt.swift in Sources */,
				E12551FE27519193005B416E /* PopButtonStyle.swift in Sources */,
				EDFFF8F127529C9900ED41FB /* Blur.swift in Sources */,
				EDFFF8EE27529C2E00ED41FB /* Snow.swift in Sources */,
				E12551FB2751915F005B416E /* TeamManager.swift in Sources */,
				E12551D527518ACA005B416E /* XmasPartyApp.swift in Sources */,
				E12551F32751909C005B416E /* ViewManager.swift in Sources */,
				E12551F02751905B005B416E /* LobbyView.swift in Sources */,
			);
			runOnlyForDeploymentPostprocessing = 0;
		};
		E12551CE27518ACA005B416E /* Sources */ = {
			isa = PBXSourcesBuildPhase;
			buildActionMask = 2147483647;
			files = (
				E12551EB27518BFA005B416E /* XmasData.swift in Sources */,
				EDFFF8EC27529C2500ED41FB /* MainView.swift in Sources */,
				ED39BE33276FE0450081D79D /* Pictonary.swift in Sources */,
				EDFFF8F92752AC9500ED41FB /* MusicManager.swift in Sources */,
				ED39BE37276FE41C0081D79D /* PictonaryManager.swift in Sources */,
				ED39BE44276FE8B10081D79D /* FontExt.swift in Sources */,
				E125520927519275005B416E /* HomeView.swift in Sources */,
				E1255202275191A9005B416E /* Box3DView.swift in Sources */,
				E12551D827518ACA005B416E /* ContentView.swift in Sources */,
				E12551F7275190F5005B416E /* TeamCreatorView.swift in Sources */,
				E12551E527518BB7005B416E /* XmasManager.swift in Sources */,
				ED39BE41276FE5FF0081D79D /* StringExt.swift in Sources */,
				E12551E827518BD2005B416E /* Xmas.swift in Sources */,
				ED39BE3E276FE5700081D79D /* ColorExt.swift in Sources */,
				E12551FF27519193005B416E /* PopButtonStyle.swift in Sources */,
				EDFFF8F227529C9900ED41FB /* Blur.swift in Sources */,
				EDFFF8EF27529C2E00ED41FB /* Snow.swift in Sources */,
				E12551FC2751915F005B416E /* TeamManager.swift in Sources */,
				E12551D627518ACA005B416E /* XmasPartyApp.swift in Sources */,
				E12551F42751909C005B416E /* ViewManager.swift in Sources */,
				E12551F12751905B005B416E /* LobbyView.swift in Sources */,
			);
			runOnlyForDeploymentPostprocessing = 0;
		};
/* End PBXSourcesBuildPhase section */

/* Begin XCBuildConfiguration section */
		E12551DB27518ACA005B416E /* Debug */ = {
			isa = XCBuildConfiguration;
			buildSettings = {
				ALWAYS_SEARCH_USER_PATHS = NO;
				CLANG_ANALYZER_NONNULL = YES;
				CLANG_ANALYZER_NUMBER_OBJECT_CONVERSION = YES_AGGRESSIVE;
				CLANG_CXX_LANGUAGE_STANDARD = "gnu++17";
				CLANG_CXX_LIBRARY = "libc++";
				CLANG_ENABLE_MODULES = YES;
				CLANG_ENABLE_OBJC_ARC = YES;
				CLANG_ENABLE_OBJC_WEAK = YES;
				CLANG_WARN_BLOCK_CAPTURE_AUTORELEASING = YES;
				CLANG_WARN_BOOL_CONVERSION = YES;
				CLANG_WARN_COMMA = YES;
				CLANG_WARN_CONSTANT_CONVERSION = YES;
				CLANG_WARN_DEPRECATED_OBJC_IMPLEMENTATIONS = YES;
				CLANG_WARN_DIRECT_OBJC_ISA_USAGE = YES_ERROR;
				CLANG_WARN_DOCUMENTATION_COMMENTS = YES;
				CLANG_WARN_EMPTY_BODY = YES;
				CLANG_WARN_ENUM_CONVERSION = YES;
				CLANG_WARN_INFINITE_RECURSION = YES;
				CLANG_WARN_INT_CONVERSION = YES;
				CLANG_WARN_NON_LITERAL_NULL_CONVERSION = YES;
				CLANG_WARN_OBJC_IMPLICIT_RETAIN_SELF = YES;
				CLANG_WARN_OBJC_LITERAL_CONVERSION = YES;
				CLANG_WARN_OBJC_ROOT_CLASS = YES_ERROR;
				CLANG_WARN_QUOTED_INCLUDE_IN_FRAMEWORK_HEADER = YES;
				CLANG_WARN_RANGE_LOOP_ANALYSIS = YES;
				CLANG_WARN_STRICT_PROTOTYPES = YES;
				CLANG_WARN_SUSPICIOUS_MOVE = YES;
				CLANG_WARN_UNGUARDED_AVAILABILITY = YES_AGGRESSIVE;
				CLANG_WARN_UNREACHABLE_CODE = YES;
				CLANG_WARN__DUPLICATE_METHOD_MATCH = YES;
				COPY_PHASE_STRIP = NO;
				DEBUG_INFORMATION_FORMAT = dwarf;
				ENABLE_STRICT_OBJC_MSGSEND = YES;
				ENABLE_TESTABILITY = YES;
				GCC_C_LANGUAGE_STANDARD = gnu11;
				GCC_DYNAMIC_NO_PIC = NO;
				GCC_NO_COMMON_BLOCKS = YES;
				GCC_OPTIMIZATION_LEVEL = 0;
				GCC_PREPROCESSOR_DEFINITIONS = (
					"DEBUG=1",
					"$(inherited)",
				);
				GCC_WARN_64_TO_32_BIT_CONVERSION = YES;
				GCC_WARN_ABOUT_RETURN_TYPE = YES_ERROR;
				GCC_WARN_UNDECLARED_SELECTOR = YES;
				GCC_WARN_UNINITIALIZED_AUTOS = YES_AGGRESSIVE;
				GCC_WARN_UNUSED_FUNCTION = YES;
				GCC_WARN_UNUSED_VARIABLE = YES;
				MTL_ENABLE_DEBUG_INFO = INCLUDE_SOURCE;
				MTL_FAST_MATH = YES;
				ONLY_ACTIVE_ARCH = YES;
				SWIFT_ACTIVE_COMPILATION_CONDITIONS = DEBUG;
				SWIFT_OPTIMIZATION_LEVEL = "-Onone";
			};
			name = Debug;
		};
		E12551DC27518ACA005B416E /* Release */ = {
			isa = XCBuildConfiguration;
			buildSettings = {
				ALWAYS_SEARCH_USER_PATHS = NO;
				CLANG_ANALYZER_NONNULL = YES;
				CLANG_ANALYZER_NUMBER_OBJECT_CONVERSION = YES_AGGRESSIVE;
				CLANG_CXX_LANGUAGE_STANDARD = "gnu++17";
				CLANG_CXX_LIBRARY = "libc++";
				CLANG_ENABLE_MODULES = YES;
				CLANG_ENABLE_OBJC_ARC = YES;
				CLANG_ENABLE_OBJC_WEAK = YES;
				CLANG_WARN_BLOCK_CAPTURE_AUTORELEASING = YES;
				CLANG_WARN_BOOL_CONVERSION = YES;
				CLANG_WARN_COMMA = YES;
				CLANG_WARN_CONSTANT_CONVERSION = YES;
				CLANG_WARN_DEPRECATED_OBJC_IMPLEMENTATIONS = YES;
				CLANG_WARN_DIRECT_OBJC_ISA_USAGE = YES_ERROR;
				CLANG_WARN_DOCUMENTATION_COMMENTS = YES;
				CLANG_WARN_EMPTY_BODY = YES;
				CLANG_WARN_ENUM_CONVERSION = YES;
				CLANG_WARN_INFINITE_RECURSION = YES;
				CLANG_WARN_INT_CONVERSION = YES;
				CLANG_WARN_NON_LITERAL_NULL_CONVERSION = YES;
				CLANG_WARN_OBJC_IMPLICIT_RETAIN_SELF = YES;
				CLANG_WARN_OBJC_LITERAL_CONVERSION = YES;
				CLANG_WARN_OBJC_ROOT_CLASS = YES_ERROR;
				CLANG_WARN_QUOTED_INCLUDE_IN_FRAMEWORK_HEADER = YES;
				CLANG_WARN_RANGE_LOOP_ANALYSIS = YES;
				CLANG_WARN_STRICT_PROTOTYPES = YES;
				CLANG_WARN_SUSPICIOUS_MOVE = YES;
				CLANG_WARN_UNGUARDED_AVAILABILITY = YES_AGGRESSIVE;
				CLANG_WARN_UNREACHABLE_CODE = YES;
				CLANG_WARN__DUPLICATE_METHOD_MATCH = YES;
				COPY_PHASE_STRIP = NO;
				DEBUG_INFORMATION_FORMAT = "dwarf-with-dsym";
				ENABLE_NS_ASSERTIONS = NO;
				ENABLE_STRICT_OBJC_MSGSEND = YES;
				GCC_C_LANGUAGE_STANDARD = gnu11;
				GCC_NO_COMMON_BLOCKS = YES;
				GCC_WARN_64_TO_32_BIT_CONVERSION = YES;
				GCC_WARN_ABOUT_RETURN_TYPE = YES_ERROR;
				GCC_WARN_UNDECLARED_SELECTOR = YES;
				GCC_WARN_UNINITIALIZED_AUTOS = YES_AGGRESSIVE;
				GCC_WARN_UNUSED_FUNCTION = YES;
				GCC_WARN_UNUSED_VARIABLE = YES;
				MTL_ENABLE_DEBUG_INFO = NO;
				MTL_FAST_MATH = YES;
				SWIFT_COMPILATION_MODE = wholemodule;
				SWIFT_OPTIMIZATION_LEVEL = "-O";
			};
			name = Release;
		};
		E12551DE27518ACA005B416E /* Debug */ = {
			isa = XCBuildConfiguration;
			buildSettings = {
				ASSETCATALOG_COMPILER_APPICON_NAME = AppIcon;
				ASSETCATALOG_COMPILER_GLOBAL_ACCENT_COLOR_NAME = AccentColor;
				CODE_SIGN_STYLE = Automatic;
				CURRENT_PROJECT_VERSION = 1;
				DEVELOPMENT_TEAM = 9NG3C5HP77;
				ENABLE_PREVIEWS = YES;
				GENERATE_INFOPLIST_FILE = YES;
				INFOPLIST_KEY_UIApplicationSceneManifest_Generation = YES;
				INFOPLIST_KEY_UIApplicationSupportsIndirectInputEvents = YES;
				INFOPLIST_KEY_UILaunchScreen_Generation = YES;
				INFOPLIST_KEY_UISupportedInterfaceOrientations_iPad = "UIInterfaceOrientationPortrait UIInterfaceOrientationPortraitUpsideDown UIInterfaceOrientationLandscapeLeft UIInterfaceOrientationLandscapeRight";
				INFOPLIST_KEY_UISupportedInterfaceOrientations_iPhone = "UIInterfaceOrientationPortrait UIInterfaceOrientationLandscapeLeft UIInterfaceOrientationLandscapeRight";
				IPHONEOS_DEPLOYMENT_TARGET = 15.0;
				LD_RUNPATH_SEARCH_PATHS = (
					"$(inherited)",
					"@executable_path/Frameworks",
				);
				MARKETING_VERSION = 1.0;
				PRODUCT_BUNDLE_IDENTIFIER = com.Ai.XmasParty;
				PRODUCT_NAME = XmasParty;
				SDKROOT = iphoneos;
				SWIFT_EMIT_LOC_STRINGS = YES;
				SWIFT_VERSION = 5.0;
				TARGETED_DEVICE_FAMILY = "1,2";
			};
			name = Debug;
		};
		E12551DF27518ACA005B416E /* Release */ = {
			isa = XCBuildConfiguration;
			buildSettings = {
				ASSETCATALOG_COMPILER_APPICON_NAME = AppIcon;
				ASSETCATALOG_COMPILER_GLOBAL_ACCENT_COLOR_NAME = AccentColor;
				CODE_SIGN_STYLE = Automatic;
				CURRENT_PROJECT_VERSION = 1;
				DEVELOPMENT_TEAM = 9NG3C5HP77;
				ENABLE_PREVIEWS = YES;
				GENERATE_INFOPLIST_FILE = YES;
				INFOPLIST_KEY_UIApplicationSceneManifest_Generation = YES;
				INFOPLIST_KEY_UIApplicationSupportsIndirectInputEvents = YES;
				INFOPLIST_KEY_UILaunchScreen_Generation = YES;
				INFOPLIST_KEY_UISupportedInterfaceOrientations_iPad = "UIInterfaceOrientationPortrait UIInterfaceOrientationPortraitUpsideDown UIInterfaceOrientationLandscapeLeft UIInterfaceOrientationLandscapeRight";
				INFOPLIST_KEY_UISupportedInterfaceOrientations_iPhone = "UIInterfaceOrientationPortrait UIInterfaceOrientationLandscapeLeft UIInterfaceOrientationLandscapeRight";
				IPHONEOS_DEPLOYMENT_TARGET = 15.0;
				LD_RUNPATH_SEARCH_PATHS = (
					"$(inherited)",
					"@executable_path/Frameworks",
				);
				MARKETING_VERSION = 1.0;
				PRODUCT_BUNDLE_IDENTIFIER = com.Ai.XmasParty;
				PRODUCT_NAME = XmasParty;
				SDKROOT = iphoneos;
				SWIFT_EMIT_LOC_STRINGS = YES;
				SWIFT_VERSION = 5.0;
				TARGETED_DEVICE_FAMILY = "1,2";
				VALIDATE_PRODUCT = YES;
			};
			name = Release;
		};
		E12551E127518ACA005B416E /* Debug */ = {
			isa = XCBuildConfiguration;
			buildSettings = {
				ASSETCATALOG_COMPILER_APPICON_NAME = AppIcon;
				ASSETCATALOG_COMPILER_GLOBAL_ACCENT_COLOR_NAME = AccentColor;
				CODE_SIGN_ENTITLEMENTS = macOS/macOS.entitlements;
				CODE_SIGN_STYLE = Automatic;
				COMBINE_HIDPI_IMAGES = YES;
				CURRENT_PROJECT_VERSION = 1;
				DEVELOPMENT_TEAM = 9NG3C5HP77;
				ENABLE_HARDENED_RUNTIME = YES;
				ENABLE_PREVIEWS = YES;
				GENERATE_INFOPLIST_FILE = YES;
				INFOPLIST_KEY_NSHumanReadableCopyright = "";
				LD_RUNPATH_SEARCH_PATHS = (
					"$(inherited)",
					"@executable_path/../Frameworks",
				);
				MACOSX_DEPLOYMENT_TARGET = 12.0;
				MARKETING_VERSION = 1.0;
				PRODUCT_BUNDLE_IDENTIFIER = com.Ai.XmasParty;
				PRODUCT_NAME = XmasParty;
				SDKROOT = macosx;
				SWIFT_EMIT_LOC_STRINGS = YES;
				SWIFT_VERSION = 5.0;
			};
			name = Debug;
		};
		E12551E227518ACA005B416E /* Release */ = {
			isa = XCBuildConfiguration;
			buildSettings = {
				ASSETCATALOG_COMPILER_APPICON_NAME = AppIcon;
				ASSETCATALOG_COMPILER_GLOBAL_ACCENT_COLOR_NAME = AccentColor;
				CODE_SIGN_ENTITLEMENTS = macOS/macOS.entitlements;
				CODE_SIGN_STYLE = Automatic;
				COMBINE_HIDPI_IMAGES = YES;
				CURRENT_PROJECT_VERSION = 1;
				DEVELOPMENT_TEAM = 9NG3C5HP77;
				ENABLE_HARDENED_RUNTIME = YES;
				ENABLE_PREVIEWS = YES;
				GENERATE_INFOPLIST_FILE = YES;
				INFOPLIST_KEY_NSHumanReadableCopyright = "";
				LD_RUNPATH_SEARCH_PATHS = (
					"$(inherited)",
					"@executable_path/../Frameworks",
				);
				MACOSX_DEPLOYMENT_TARGET = 12.0;
				MARKETING_VERSION = 1.0;
				PRODUCT_BUNDLE_IDENTIFIER = com.Ai.XmasParty;
				PRODUCT_NAME = XmasParty;
				SDKROOT = macosx;
				SWIFT_EMIT_LOC_STRINGS = YES;
				SWIFT_VERSION = 5.0;
			};
			name = Release;
		};
/* End XCBuildConfiguration section */

/* Begin XCConfigurationList section */
		E12551C327518AC8005B416E /* Build configuration list for PBXProject "XmasParty" */ = {
			isa = XCConfigurationList;
			buildConfigurations = (
				E12551DB27518ACA005B416E /* Debug */,
				E12551DC27518ACA005B416E /* Release */,
			);
			defaultConfigurationIsVisible = 0;
			defaultConfigurationName = Release;
		};
		E12551DD27518ACA005B416E /* Build configuration list for PBXNativeTarget "XmasParty (iOS)" */ = {
			isa = XCConfigurationList;
			buildConfigurations = (
				E12551DE27518ACA005B416E /* Debug */,
				E12551DF27518ACA005B416E /* Release */,
			);
			defaultConfigurationIsVisible = 0;
			defaultConfigurationName = Release;
		};
		E12551E027518ACA005B416E /* Build configuration list for PBXNativeTarget "XmasParty (macOS)" */ = {
			isa = XCConfigurationList;
			buildConfigurations = (
				E12551E127518ACA005B416E /* Debug */,
				E12551E227518ACA005B416E /* Release */,
			);
			defaultConfigurationIsVisible = 0;
			defaultConfigurationName = Release;
		};
/* End XCConfigurationList section */

/* Begin XCRemoteSwiftPackageReference section */
		E12551EC27518C2D005B416E /* XCRemoteSwiftPackageReference "SFSafeSymbols" */ = {
			isa = XCRemoteSwiftPackageReference;
			repositoryURL = "https://github.com/piknotech/SFSafeSymbols.git";
			requirement = {
				branch = stable;
				kind = branch;
			};
		};
/* End XCRemoteSwiftPackageReference section */

/* Begin XCSwiftPackageProductDependency section */
		E12551ED27518C2E005B416E /* SFSafeSymbols */ = {
			isa = XCSwiftPackageProductDependency;
			package = E12551EC27518C2D005B416E /* XCRemoteSwiftPackageReference "SFSafeSymbols" */;
			productName = SFSafeSymbols;
		};
/* End XCSwiftPackageProductDependency section */
	};
	rootObject = E12551C027518AC8005B416E /* Project object */;
}
